
Microsoft Visual Studio Solution File, Format Version 11.00
# Visual Studio 2010
Project("{FAE04EC0-301F-11D3-BF4B-00C04F79EFBC}") = "SymbolicAlgebra", "SymbolicAlgebra\SymbolicAlgebra.csproj", "{08B658DC-9295-4098-BD45-37311FEA3AC6}"
EndProject
Project("{FAE04EC0-301F-11D3-BF4B-00C04F79EFBC}") = "SymbolicAlgebraUnitTesting", "SymbolicAlgebraUnitTesting\SymbolicAlgebraUnitTesting.csproj", "{4E0623D0-E713-4209-9F11-9DF8A8047A5E}"
EndProject
Project("{2150E333-8FDC-42A3-9474-1A3956D46DE8}") = "Solution Items", "Solution Items", "{BEEA9115-EFEA-40CA-B997-8B6BAAD1AD4A}"
	ProjectSection(SolutionItems) = preProject
		Local.testsettings = Local.testsettings
		SymbolicAlgebra.vsmdi = SymbolicAlgebra.vsmdi
		TraceAndTestImpact.testsettings = TraceAndTestImpact.testsettings
		What's New.txt = What's New.txt
	EndProjectSection
EndProject
Project("{2150E333-8FDC-42A3-9474-1A3956D46DE8}") = "UnitTesting", "UnitTesting", "{E893C5B5-EE00-4675-8621-B1849564A26B}"
EndProject
Project("{2150E333-8FDC-42A3-9474-1A3956D46DE8}") = "Inspection", "Inspection", "{33998E4D-84E9-45C8-BE61-5AD87366961A}"
	ProjectSection(SolutionItems) = preProject
		Old Code for differentiating.txt = Old Code for differentiating.txt
	EndProjectSection
EndProject
Project("{FAE04EC0-301F-11D3-BF4B-00C04F79EFBC}") = "SAConsole", "SAConsole\SAConsole.csproj", "{572D3BE3-30D1-4F47-8282-AF7D956AE844}"
EndProject
Project("{FAE04EC0-301F-11D3-BF4B-00C04F79EFBC}") = "SilverAlgebra", "SilverAlgebra\SilverAlgebra.csproj", "{40B570A3-4D9D-4EF4-A3D0-99FFEB81FD25}"
EndProject
Global
	GlobalSection(TeamFoundationVersionControl) = preSolution
		SccNumberOfProjects = 5
		SccEnterpriseProvider = {4CA58AB2-18FA-4F8D-95D4-32DDF27D184C}
		SccTeamFoundationServer = https://tfs.codeplex.com/tfs/tfs02
		SccLocalPath0 = .
		SccProjectUniqueName1 = SymbolicAlgebra\\SymbolicAlgebra.csproj
		SccProjectName1 = SymbolicAlgebra
		SccLocalPath1 = SymbolicAlgebra
		SccProjectUniqueName2 = SymbolicAlgebraUnitTesting\\SymbolicAlgebraUnitTesting.csproj
		SccProjectTopLevelParentUniqueName2 = SymbolicAlgebra.sln
		SccProjectName2 = SymbolicAlgebraUnitTesting
		SccLocalPath2 = SymbolicAlgebraUnitTesting
		SccProjectUniqueName3 = SAConsole\\SAConsole.csproj
		SccProjectName3 = SAConsole
		SccLocalPath3 = SAConsole
		SccProjectUniqueName4 = SilverAlgebra\\SilverAlgebra.csproj
		SccProjectName4 = SilverAlgebra
		SccLocalPath4 = SilverAlgebra
	EndGlobalSection
	GlobalSection(TestCaseManagementSettings) = postSolution
		CategoryFile = SymbolicAlgebra.vsmdi
	EndGlobalSection
	GlobalSection(SolutionConfigurationPlatforms) = preSolution
		Debug|Any CPU = Debug|Any CPU
		Debug|Mixed Platforms = Debug|Mixed Platforms
		Debug|x86 = Debug|x86
		Release|Any CPU = Release|Any CPU
		Release|Mixed Platforms = Release|Mixed Platforms
		Release|x86 = Release|x86
	EndGlobalSection
	GlobalSection(ProjectConfigurationPlatforms) = postSolution
		{08B658DC-9295-4098-BD45-37311FEA3AC6}.Debug|Any CPU.ActiveCfg = Debug|Any CPU
		{08B658DC-9295-4098-BD45-37311FEA3AC6}.Debug|Any CPU.Build.0 = Debug|Any CPU
		{08B658DC-9295-4098-BD45-37311FEA3AC6}.Debug|Mixed Platforms.ActiveCfg = Debug|Any CPU
		{08B658DC-9295-4098-BD45-37311FEA3AC6}.Debug|Mixed Platforms.Build.0 = Debug|Any CPU
		{08B658DC-9295-4098-BD45-37311FEA3AC6}.Debug|x86.ActiveCfg = Debug|Any CPU
		{08B658DC-9295-4098-BD45-37311FEA3AC6}.Release|Any CPU.ActiveCfg = Release|Any CPU
		{08B658DC-9295-4098-BD45-37311FEA3AC6}.Release|Any CPU.Build.0 = Release|Any CPU
		{08B658DC-9295-4098-BD45-37311FEA3AC6}.Release|Mixed Platforms.ActiveCfg = Release|Any CPU
		{08B658DC-9295-4098-BD45-37311FEA3AC6}.Release|Mixed Platforms.Build.0 = Release|Any CPU
		{08B658DC-9295-4098-BD45-37311FEA3AC6}.Release|x86.ActiveCfg = Release|Any CPU
		{4E0623D0-E713-4209-9F11-9DF8A8047A5E}.Debug|Any CPU.ActiveCfg = Debug|Any CPU
		{4E0623D0-E713-4209-9F11-9DF8A8047A5E}.Debug|Any CPU.Build.0 = Debug|Any CPU
		{4E0623D0-E713-4209-9F11-9DF8A8047A5E}.Debug|Mixed Platforms.ActiveCfg = Debug|Any CPU
		{4E0623D0-E713-4209-9F11-9DF8A8047A5E}.Debug|Mixed Platforms.Build.0 = Debug|Any CPU
		{4E0623D0-E713-4209-9F11-9DF8A8047A5E}.Debug|x86.ActiveCfg = Debug|Any CPU
		{4E0623D0-E713-4209-9F11-9DF8A8047A5E}.Release|Any CPU.ActiveCfg = Release|Any CPU
		{4E0623D0-E713-4209-9F11-9DF8A8047A5E}.Release|Any CPU.Build.0 = Release|Any CPU
		{4E0623D0-E713-4209-9F11-9DF8A8047A5E}.Release|Mixed Platforms.ActiveCfg = Release|Any CPU
		{4E0623D0-E713-4209-9F11-9DF8A8047A5E}.Release|Mixed Platforms.Build.0 = Release|Any CPU
		{4E0623D0-E713-4209-9F11-9DF8A8047A5E}.Release|x86.ActiveCfg = Release|Any CPU
		{572D3BE3-30D1-4F47-8282-AF7D956AE844}.Debug|Any CPU.ActiveCfg = Debug|x86
		{572D3BE3-30D1-4F47-8282-AF7D956AE844}.Debug|Mixed Platforms.ActiveCfg = Debug|x86
		{572D3BE3-30D1-4F47-8282-AF7D956AE844}.Debug|Mixed Platforms.Build.0 = Debug|x86
		{572D3BE3-30D1-4F47-8282-AF7D956AE844}.Debug|x86.ActiveCfg = Debug|x86
		{572D3BE3-30D1-4F47-8282-AF7D956AE844}.Debug|x86.Build.0 = Debug|x86
		{572D3BE3-30D1-4F47-8282-AF7D956AE844}.Release|Any CPU.ActiveCfg = Release|x86
		{572D3BE3-30D1-4F47-8282-AF7D956AE844}.Release|Mixed Platforms.ActiveCfg = Release|x86
		{572D3BE3-30D1-4F47-8282-AF7D956AE844}.Release|Mixed Platforms.Build.0 = Release|x86
		{572D3BE3-30D1-4F47-8282-AF7D956AE844}.Release|x86.ActiveCfg = Release|x86
		{572D3BE3-30D1-4F47-8282-AF7D956AE844}.Release|x86.Build.0 = Release|x86
		{40B570A3-4D9D-4EF4-A3D0-99FFEB81FD25}.Debug|Any CPU.ActiveCfg = Debug|Any CPU
		{40B570A3-4D9D-4EF4-A3D0-99FFEB81FD25}.Debug|Any CPU.Build.0 = Debug|Any CPU
		{40B570A3-4D9D-4EF4-A3D0-99FFEB81FD25}.Debug|Mixed Platforms.ActiveCfg = Debug|Any CPU
		{40B570A3-4D9D-4EF4-A3D0-99FFEB81FD25}.Debug|Mixed Platforms.Build.0 = Debug|Any CPU
		{40B570A3-4D9D-4EF4-A3D0-99FFEB81FD25}.Debug|x86.ActiveCfg = Debug|Any CPU
		{40B570A3-4D9D-4EF4-A3D0-99FFEB81FD25}.Release|Any CPU.ActiveCfg = Release|Any CPU
		{40B570A3-4D9D-4EF4-A3D0-99FFEB81FD25}.Release|Any CPU.Build.0 = Release|Any CPU
		{40B570A3-4D9D-4EF4-A3D0-99FFEB81FD25}.Release|Mixed Platforms.ActiveCfg = Release|Any CPU
		{40B570A3-4D9D-4EF4-A3D0-99FFEB81FD25}.Release|Mixed Platforms.Build.0 = Release|Any CPU
		{40B570A3-4D9D-4EF4-A3D0-99FFEB81FD25}.Release|x86.ActiveCfg = Release|Any CPU
	EndGlobalSection
	GlobalSection(SolutionProperties) = preSolution
		HideSolutionNode = FALSE
	EndGlobalSection
	GlobalSection(NestedProjects) = preSolution
		{4E0623D0-E713-4209-9F11-9DF8A8047A5E} = {E893C5B5-EE00-4675-8621-B1849564A26B}
	EndGlobalSection
EndGlobal
